
Microsoft Visual Studio Solution File, Format Version 12.00
# Visual Studio Version 16
VisualStudioVersion = 16.0.35130.168
MinimumVisualStudioVersion = 10.0.40219.1
Project("{FAE04EC0-301F-11D3-BF4B-00C04F79EFBC}") = "ClienteBanco", "ClienteBanco\ClienteBanco.csproj", "{1E82658B-0AD0-438E-8066-CA2B65A05B96}"
EndProject
Global
	GlobalSection(SolutionConfigurationPlatforms) = preSolution
		Debug|Any CPU = Debug|Any CPU
		Release|Any CPU = Release|Any CPU
	EndGlobalSection
	GlobalSection(ProjectConfigurationPlatforms) = postSolution
		{1E82658B-0AD0-438E-8066-CA2B65A05B96}.Debug|Any CPU.ActiveCfg = Debug|Any CPU
		{1E82658B-0AD0-438E-8066-CA2B65A05B96}.Debug|Any CPU.Build.0 = Debug|Any CPU
		{1E82658B-0AD0-438E-8066-CA2B65A05B96}.Release|Any CPU.ActiveCfg = Release|Any CPU
		{1E82658B-0AD0-438E-8066-CA2B65A05B96}.Release|Any CPU.Build.0 = Release|Any CPU
	EndGlobalSection
	GlobalSection(SolutionProperties) = preSolution
		HideSolutionNode = FALSE
	EndGlobalSection
	GlobalSection(ExtensibilityGlobals) = postSolution
		SolutionGuid = {AD8564DA-108C-4B49-91FD-87C9BA85D960}
	EndGlobalSection
EndGlobal
