
Microsoft Visual Studio Solution File, Format Version 12.00
# Visual Studio Version 17
VisualStudioVersion = 17.7.34009.444
MinimumVisualStudioVersion = 10.0.40219.1
Project("{FAE04EC0-301F-11D3-BF4B-00C04F79EFBC}") = "PracticaParcial2", "PracticaParcial2\PracticaParcial2.csproj", "{79CF136D-0680-4E96-A38B-0CB71CF5A9E7}"
EndProject
Global
	GlobalSection(SolutionConfigurationPlatforms) = preSolution
		Debug|Any CPU = Debug|Any CPU
		Release|Any CPU = Release|Any CPU
	EndGlobalSection
	GlobalSection(ProjectConfigurationPlatforms) = postSolution
		{79CF136D-0680-4E96-A38B-0CB71CF5A9E7}.Debug|Any CPU.ActiveCfg = Debug|Any CPU
		{79CF136D-0680-4E96-A38B-0CB71CF5A9E7}.Debug|Any CPU.Build.0 = Debug|Any CPU
		{79CF136D-0680-4E96-A38B-0CB71CF5A9E7}.Release|Any CPU.ActiveCfg = Release|Any CPU
		{79CF136D-0680-4E96-A38B-0CB71CF5A9E7}.Release|Any CPU.Build.0 = Release|Any CPU
	EndGlobalSection
	GlobalSection(SolutionProperties) = preSolution
		HideSolutionNode = FALSE
	EndGlobalSection
	GlobalSection(ExtensibilityGlobals) = postSolution
		SolutionGuid = {625EF235-07B6-4D6E-8982-C2FCD495114C}
	EndGlobalSection
EndGlobal
