
Microsoft Visual Studio Solution File, Format Version 12.00
# Visual Studio Version 17
VisualStudioVersion = 17.7.34009.444
MinimumVisualStudioVersion = 10.0.40219.1
Project("{FAE04EC0-301F-11D3-BF4B-00C04F79EFBC}") = "Biblioteca", "Biblioteca\Biblioteca.csproj", "{9BE5AA83-E711-4B99-AA88-1F8D402E67C9}"
EndProject
Global
	GlobalSection(SolutionConfigurationPlatforms) = preSolution
		Debug|Any CPU = Debug|Any CPU
		Release|Any CPU = Release|Any CPU
	EndGlobalSection
	GlobalSection(ProjectConfigurationPlatforms) = postSolution
		{9BE5AA83-E711-4B99-AA88-1F8D402E67C9}.Debug|Any CPU.ActiveCfg = Debug|Any CPU
		{9BE5AA83-E711-4B99-AA88-1F8D402E67C9}.Debug|Any CPU.Build.0 = Debug|Any CPU
		{9BE5AA83-E711-4B99-AA88-1F8D402E67C9}.Release|Any CPU.ActiveCfg = Release|Any CPU
		{9BE5AA83-E711-4B99-AA88-1F8D402E67C9}.Release|Any CPU.Build.0 = Release|Any CPU
	EndGlobalSection
	GlobalSection(SolutionProperties) = preSolution
		HideSolutionNode = FALSE
	EndGlobalSection
	GlobalSection(ExtensibilityGlobals) = postSolution
		SolutionGuid = {514FC09C-9B06-49C1-A99F-0242CB983019}
	EndGlobalSection
EndGlobal
