
Microsoft Visual Studio Solution File, Format Version 12.00
# Visual Studio Version 17
VisualStudioVersion = 17.9.34723.18
MinimumVisualStudioVersion = 10.0.40219.1
Project("{FAE04EC0-301F-11D3-BF4B-00C04F79EFBC}") = "Menu", "Menu\Menu.csproj", "{3947BEBD-2A1B-44D3-B4D0-358C83381F31}"
EndProject
Global
	GlobalSection(SolutionConfigurationPlatforms) = preSolution
		Debug|Any CPU = Debug|Any CPU
		Release|Any CPU = Release|Any CPU
	EndGlobalSection
	GlobalSection(ProjectConfigurationPlatforms) = postSolution
		{3947BEBD-2A1B-44D3-B4D0-358C83381F31}.Debug|Any CPU.ActiveCfg = Debug|Any CPU
		{3947BEBD-2A1B-44D3-B4D0-358C83381F31}.Debug|Any CPU.Build.0 = Debug|Any CPU
		{3947BEBD-2A1B-44D3-B4D0-358C83381F31}.Release|Any CPU.ActiveCfg = Release|Any CPU
		{3947BEBD-2A1B-44D3-B4D0-358C83381F31}.Release|Any CPU.Build.0 = Release|Any CPU
	EndGlobalSection
	GlobalSection(SolutionProperties) = preSolution
		HideSolutionNode = FALSE
	EndGlobalSection
	GlobalSection(ExtensibilityGlobals) = postSolution
		SolutionGuid = {A74D2415-669A-4370-B5DB-B6852F956DBB}
	EndGlobalSection
EndGlobal
