
Microsoft Visual Studio Solution File, Format Version 12.00
# Visual Studio Version 16
VisualStudioVersion = 16.0.35130.168
MinimumVisualStudioVersion = 10.0.40219.1
Project("{FAE04EC0-301F-11D3-BF4B-00C04F79EFBC}") = "PracticaHerencia", "PracticaHerencia\PracticaHerencia.csproj", "{1A44B856-570F-4FEE-B839-819517DAC03E}"
EndProject
Global
	GlobalSection(SolutionConfigurationPlatforms) = preSolution
		Debug|Any CPU = Debug|Any CPU
		Release|Any CPU = Release|Any CPU
	EndGlobalSection
	GlobalSection(ProjectConfigurationPlatforms) = postSolution
		{1A44B856-570F-4FEE-B839-819517DAC03E}.Debug|Any CPU.ActiveCfg = Debug|Any CPU
		{1A44B856-570F-4FEE-B839-819517DAC03E}.Debug|Any CPU.Build.0 = Debug|Any CPU
		{1A44B856-570F-4FEE-B839-819517DAC03E}.Release|Any CPU.ActiveCfg = Release|Any CPU
		{1A44B856-570F-4FEE-B839-819517DAC03E}.Release|Any CPU.Build.0 = Release|Any CPU
	EndGlobalSection
	GlobalSection(SolutionProperties) = preSolution
		HideSolutionNode = FALSE
	EndGlobalSection
	GlobalSection(ExtensibilityGlobals) = postSolution
		SolutionGuid = {282AA440-F0FB-4603-BAD4-DD880CF0B3E4}
	EndGlobalSection
EndGlobal
