
Microsoft Visual Studio Solution File, Format Version 12.00
# Visual Studio Version 17
VisualStudioVersion = 17.9.34723.18
MinimumVisualStudioVersion = 10.0.40219.1
Project("{FAE04EC0-301F-11D3-BF4B-00C04F79EFBC}") = "POO_Empleados", "POO_Empleados\POO_Empleados.csproj", "{89237D4E-19BE-492B-943A-9754023CEC29}"
EndProject
Global
	GlobalSection(SolutionConfigurationPlatforms) = preSolution
		Debug|Any CPU = Debug|Any CPU
		Release|Any CPU = Release|Any CPU
	EndGlobalSection
	GlobalSection(ProjectConfigurationPlatforms) = postSolution
		{89237D4E-19BE-492B-943A-9754023CEC29}.Debug|Any CPU.ActiveCfg = Debug|Any CPU
		{89237D4E-19BE-492B-943A-9754023CEC29}.Debug|Any CPU.Build.0 = Debug|Any CPU
		{89237D4E-19BE-492B-943A-9754023CEC29}.Release|Any CPU.ActiveCfg = Release|Any CPU
		{89237D4E-19BE-492B-943A-9754023CEC29}.Release|Any CPU.Build.0 = Release|Any CPU
	EndGlobalSection
	GlobalSection(SolutionProperties) = preSolution
		HideSolutionNode = FALSE
	EndGlobalSection
	GlobalSection(ExtensibilityGlobals) = postSolution
		SolutionGuid = {9690E73E-892D-4661-860C-24E75BD103F8}
	EndGlobalSection
EndGlobal
