
Microsoft Visual Studio Solution File, Format Version 12.00
# Visual Studio Version 17
VisualStudioVersion = 17.9.34723.18
MinimumVisualStudioVersion = 10.0.40219.1
Project("{FAE04EC0-301F-11D3-BF4B-00C04F79EFBC}") = "Recursividad", "Recursividad\Recursividad.csproj", "{27FBD5D4-B934-429C-BF2C-780B9E016002}"
EndProject
Global
	GlobalSection(SolutionConfigurationPlatforms) = preSolution
		Debug|Any CPU = Debug|Any CPU
		Release|Any CPU = Release|Any CPU
	EndGlobalSection
	GlobalSection(ProjectConfigurationPlatforms) = postSolution
		{27FBD5D4-B934-429C-BF2C-780B9E016002}.Debug|Any CPU.ActiveCfg = Debug|Any CPU
		{27FBD5D4-B934-429C-BF2C-780B9E016002}.Debug|Any CPU.Build.0 = Debug|Any CPU
		{27FBD5D4-B934-429C-BF2C-780B9E016002}.Release|Any CPU.ActiveCfg = Release|Any CPU
		{27FBD5D4-B934-429C-BF2C-780B9E016002}.Release|Any CPU.Build.0 = Release|Any CPU
	EndGlobalSection
	GlobalSection(SolutionProperties) = preSolution
		HideSolutionNode = FALSE
	EndGlobalSection
	GlobalSection(ExtensibilityGlobals) = postSolution
		SolutionGuid = {E5D58A03-C7B5-4F59-9E6C-F23C8810B0D3}
	EndGlobalSection
EndGlobal
