
Microsoft Visual Studio Solution File, Format Version 12.00
# Visual Studio Version 17
VisualStudioVersion = 17.9.34723.18
MinimumVisualStudioVersion = 10.0.40219.1
Project("{FAE04EC0-301F-11D3-BF4B-00C04F79EFBC}") = "PracticaParcial", "PracticaParcial\PracticaParcial.csproj", "{C6A80C38-E0F9-4E9E-8CFD-E98F4FAB75AF}"
EndProject
Global
	GlobalSection(SolutionConfigurationPlatforms) = preSolution
		Debug|Any CPU = Debug|Any CPU
		Release|Any CPU = Release|Any CPU
	EndGlobalSection
	GlobalSection(ProjectConfigurationPlatforms) = postSolution
		{C6A80C38-E0F9-4E9E-8CFD-E98F4FAB75AF}.Debug|Any CPU.ActiveCfg = Debug|Any CPU
		{C6A80C38-E0F9-4E9E-8CFD-E98F4FAB75AF}.Debug|Any CPU.Build.0 = Debug|Any CPU
		{C6A80C38-E0F9-4E9E-8CFD-E98F4FAB75AF}.Release|Any CPU.ActiveCfg = Release|Any CPU
		{C6A80C38-E0F9-4E9E-8CFD-E98F4FAB75AF}.Release|Any CPU.Build.0 = Release|Any CPU
	EndGlobalSection
	GlobalSection(SolutionProperties) = preSolution
		HideSolutionNode = FALSE
	EndGlobalSection
	GlobalSection(ExtensibilityGlobals) = postSolution
		SolutionGuid = {AE1F6D44-6388-426E-9957-C3AF0C8291E6}
	EndGlobalSection
EndGlobal
