
Microsoft Visual Studio Solution File, Format Version 12.00
# Visual Studio Version 17
VisualStudioVersion = 17.7.34009.444
MinimumVisualStudioVersion = 10.0.40219.1
Project("{FAE04EC0-301F-11D3-BF4B-00C04F79EFBC}") = "POOClase1", "POOClase1\POOClase1.csproj", "{835B0C75-2A76-4A9D-972D-80B227315965}"
EndProject
Global
	GlobalSection(SolutionConfigurationPlatforms) = preSolution
		Debug|Any CPU = Debug|Any CPU
		Release|Any CPU = Release|Any CPU
	EndGlobalSection
	GlobalSection(ProjectConfigurationPlatforms) = postSolution
		{835B0C75-2A76-4A9D-972D-80B227315965}.Debug|Any CPU.ActiveCfg = Debug|Any CPU
		{835B0C75-2A76-4A9D-972D-80B227315965}.Debug|Any CPU.Build.0 = Debug|Any CPU
		{835B0C75-2A76-4A9D-972D-80B227315965}.Release|Any CPU.ActiveCfg = Release|Any CPU
		{835B0C75-2A76-4A9D-972D-80B227315965}.Release|Any CPU.Build.0 = Release|Any CPU
	EndGlobalSection
	GlobalSection(SolutionProperties) = preSolution
		HideSolutionNode = FALSE
	EndGlobalSection
	GlobalSection(ExtensibilityGlobals) = postSolution
		SolutionGuid = {C86F6055-F8DA-4B04-821C-C0AA6C15051F}
	EndGlobalSection
EndGlobal
